
Microsoft Visual Studio Solution File, Format Version 12.00
# Visual Studio Version 17
VisualStudioVersion = 17.3.32929.385
MinimumVisualStudioVersion = 10.0.40219.1
Project("{6EC3EE1D-3C4E-46DD-8F32-0CC8E7565705}") = "Mermish", "Mermish\Mermish.fsproj", "{F9EAE2A9-1BE4-4E45-9171-2BA9D11A6C3E}"
EndProject
Project("{2150E333-8FDC-42A3-9474-1A3956D46DE8}") = "Solution Items", "Solution Items", "{D1532F0C-4E0A-450F-BE00-C2FA6E9846BC}"
	ProjectSection(SolutionItems) = preProject
		LICENSE.txt = LICENSE.txt
		README.md = README.md
	EndProjectSection
EndProject
Project("{2150E333-8FDC-42A3-9474-1A3956D46DE8}") = "ManualTesting", "ManualTesting", "{18D26AEA-3936-49D0-88D8-7143B46F0D24}"
	ProjectSection(SolutionItems) = preProject
		ManualTesting\ManualChart.ipynb = ManualTesting\ManualChart.ipynb
		ManualTesting\PieChart.ipynb = ManualTesting\PieChart.ipynb
		ManualTesting\WritingFiles.fsx = ManualTesting\WritingFiles.fsx
	EndProjectSection
EndProject
Global
	GlobalSection(SolutionConfigurationPlatforms) = preSolution
		Debug|Any CPU = Debug|Any CPU
		Release|Any CPU = Release|Any CPU
	EndGlobalSection
	GlobalSection(ProjectConfigurationPlatforms) = postSolution
		{F9EAE2A9-1BE4-4E45-9171-2BA9D11A6C3E}.Debug|Any CPU.ActiveCfg = Debug|Any CPU
		{F9EAE2A9-1BE4-4E45-9171-2BA9D11A6C3E}.Debug|Any CPU.Build.0 = Debug|Any CPU
		{F9EAE2A9-1BE4-4E45-9171-2BA9D11A6C3E}.Release|Any CPU.ActiveCfg = Release|Any CPU
		{F9EAE2A9-1BE4-4E45-9171-2BA9D11A6C3E}.Release|Any CPU.Build.0 = Release|Any CPU
	EndGlobalSection
	GlobalSection(SolutionProperties) = preSolution
		HideSolutionNode = FALSE
	EndGlobalSection
	GlobalSection(ExtensibilityGlobals) = postSolution
		SolutionGuid = {A756E2D4-1E27-4CAE-8DFF-D7F7FA7FD16C}
	EndGlobalSection
EndGlobal
